
Microsoft Visual Studio Solution File, Format Version 12.00
# Visual Studio Version 17
VisualStudioVersion = 17.8.34322.80
MinimumVisualStudioVersion = 10.0.40219.1
Project("{FAE04EC0-301F-11D3-BF4B-00C04F79EFBC}") = "Proje.MvcWebUI", "Proje.MvcWebUI\Proje.MvcWebUI.csproj", "{21414D3C-E4D0-4B8A-AFD7-2604902BEDEB}"
EndProject
Global
	GlobalSection(SolutionConfigurationPlatforms) = preSolution
		Debug|Any CPU = Debug|Any CPU
		Release|Any CPU = Release|Any CPU
	EndGlobalSection
	GlobalSection(ProjectConfigurationPlatforms) = postSolution
		{21414D3C-E4D0-4B8A-AFD7-2604902BEDEB}.Debug|Any CPU.ActiveCfg = Debug|Any CPU
		{21414D3C-E4D0-4B8A-AFD7-2604902BEDEB}.Debug|Any CPU.Build.0 = Debug|Any CPU
		{21414D3C-E4D0-4B8A-AFD7-2604902BEDEB}.Release|Any CPU.ActiveCfg = Release|Any CPU
		{21414D3C-E4D0-4B8A-AFD7-2604902BEDEB}.Release|Any CPU.Build.0 = Release|Any CPU
	EndGlobalSection
	GlobalSection(SolutionProperties) = preSolution
		HideSolutionNode = FALSE
	EndGlobalSection
	GlobalSection(ExtensibilityGlobals) = postSolution
		SolutionGuid = {B6EA3C69-8A95-45FE-93C2-F0D88ED79494}
	EndGlobalSection
EndGlobal
